
Microsoft Visual Studio Solution File, Format Version 9.00
# Visual Studio 2005
Project("{FAE04EC0-301F-11D3-BF4B-00C04F79EFBC}") = "DataGridViewCellIMEMode", "DataGridViewCellIMEMode\DataGridViewCellIMEMode.csproj", "{010EE0CA-09F1-46CE-9750-ECD51A664C21}"
EndProject
Global
	GlobalSection(SolutionConfigurationPlatforms) = preSolution
		Debug|Any CPU = Debug|Any CPU
		Release|Any CPU = Release|Any CPU
	EndGlobalSection
	GlobalSection(ProjectConfigurationPlatforms) = postSolution
		{010EE0CA-09F1-46CE-9750-ECD51A664C21}.Debug|Any CPU.ActiveCfg = Debug|Any CPU
		{010EE0CA-09F1-46CE-9750-ECD51A664C21}.Debug|Any CPU.Build.0 = Debug|Any CPU
		{010EE0CA-09F1-46CE-9750-ECD51A664C21}.Release|Any CPU.ActiveCfg = Release|Any CPU
		{010EE0CA-09F1-46CE-9750-ECD51A664C21}.Release|Any CPU.Build.0 = Release|Any CPU
	EndGlobalSection
	GlobalSection(SolutionProperties) = preSolution
		HideSolutionNode = FALSE
	EndGlobalSection
EndGlobal
