
Microsoft Visual Studio Solution File, Format Version 9.00
# Visual Studio 2005
Project("{FAE04EC0-301F-11D3-BF4B-00C04F79EFBC}") = "ChineseLunarCalendarCS", "ChineseLunarCalendarCS\ChineseLunarCalendarCS.csproj", "{815A8C24-19EB-419C-9515-2FDEB87146A6}"
EndProject
Project("{FAE04EC0-301F-11D3-BF4B-00C04F79EFBC}") = "ChineseCalendarFormCS", "ChineseCalendarFormCS\ChineseCalendarFormCS.csproj", "{B8B87C1F-AECB-4B7D-BB75-6747E9D6B1CB}"
EndProject
Global
	GlobalSection(SolutionConfigurationPlatforms) = preSolution
		Debug|Any CPU = Debug|Any CPU
		Release|Any CPU = Release|Any CPU
	EndGlobalSection
	GlobalSection(ProjectConfigurationPlatforms) = postSolution
		{815A8C24-19EB-419C-9515-2FDEB87146A6}.Debug|Any CPU.ActiveCfg = Debug|Any CPU
		{815A8C24-19EB-419C-9515-2FDEB87146A6}.Debug|Any CPU.Build.0 = Debug|Any CPU
		{815A8C24-19EB-419C-9515-2FDEB87146A6}.Release|Any CPU.ActiveCfg = Release|Any CPU
		{815A8C24-19EB-419C-9515-2FDEB87146A6}.Release|Any CPU.Build.0 = Release|Any CPU
		{B8B87C1F-AECB-4B7D-BB75-6747E9D6B1CB}.Debug|Any CPU.ActiveCfg = Debug|Any CPU
		{B8B87C1F-AECB-4B7D-BB75-6747E9D6B1CB}.Debug|Any CPU.Build.0 = Debug|Any CPU
		{B8B87C1F-AECB-4B7D-BB75-6747E9D6B1CB}.Release|Any CPU.ActiveCfg = Release|Any CPU
		{B8B87C1F-AECB-4B7D-BB75-6747E9D6B1CB}.Release|Any CPU.Build.0 = Release|Any CPU
	EndGlobalSection
	GlobalSection(SolutionProperties) = preSolution
		HideSolutionNode = FALSE
	EndGlobalSection
EndGlobal
